// !$*UTF8*$!
{
	archiveVersion = 1;
	classes = {
	};
	objectVersion = 50;
	objects = {

/* Begin PBXBuildFile section */
		70A481E320E0A65400260571 /* AppDelegate.swift in Sources */ = {isa = PBXBuildFile; fileRef = 70A481E220E0A65400260571 /* AppDelegate.swift */; };
		70A481E520E0A65400260571 /* ViewController.swift in Sources */ = {isa = PBXBuildFile; fileRef = 70A481E420E0A65400260571 /* ViewController.swift */; };
		70A481E820E0A65400260571 /* Main.storyboard in Resources */ = {isa = PBXBuildFile; fileRef = 70A481E620E0A65400260571 /* Main.storyboard */; };
		70A481EB20E0A65400260571 /* Shake_Jack.xcdatamodeld in Sources */ = {isa = PBXBuildFile; fileRef = 70A481E920E0A65400260571 /* Shake_Jack.xcdatamodeld */; };
		70A481ED20E0A65600260571 /* Assets.xcassets in Resources */ = {isa = PBXBuildFile; fileRef = 70A481EC20E0A65600260571 /* Assets.xcassets */; };
		70A481F020E0A65600260571 /* LaunchScreen.storyboard in Resources */ = {isa = PBXBuildFile; fileRef = 70A481EE20E0A65600260571 /* LaunchScreen.storyboard */; };
		70A481FB20E0A65600260571 /* Shake_JackTests.swift in Sources */ = {isa = PBXBuildFile; fileRef = 70A481FA20E0A65600260571 /* Shake_JackTests.swift */; };
		70A4820620E0A65600260571 /* Shake_JackUITests.swift in Sources */ = {isa = PBXBuildFile; fileRef = 70A4820520E0A65600260571 /* Shake_JackUITests.swift */; };
/* End PBXBuildFile section */

/* Begin PBXContainerItemProxy section */
		70A481F720E0A65600260571 /* PBXContainerItemProxy */ = {
			isa = PBXContainerItemProxy;
			containerPortal = 70A481D720E0A65400260571 /* Project object */;
			proxyType = 1;
			remoteGlobalIDString = 70A481DE20E0A65400260571;
			remoteInfo = "Shake Jack";
		};
		70A4820220E0A65600260571 /* PBXContainerItemProxy */ = {
			isa = PBXContainerItemProxy;
			containerPortal = 70A481D720E0A65400260571 /* Project object */;
			proxyType = 1;
			remoteGlobalIDString = 70A481DE20E0A65400260571;
			remoteInfo = "Shake Jack";
		};
/* End PBXContainerItemProxy section */

/* Begin PBXFileReference section */
		70A481DF20E0A65400260571 /* Shake Jack.app */ = {isa = PBXFileReference; explicitFileType = wrapper.application; includeInIndex = 0; path = "Shake Jack.app"; sourceTree = BUILT_PRODUCTS_DIR; };
		70A481E220E0A65400260571 /* AppDelegate.swift */ = {isa = PBXFileReference; lastKnownFileType = sourcecode.swift; path = AppDelegate.swift; sourceTree = "<group>"; };
		70A481E420E0A65400260571 /* ViewController.swift */ = {isa = PBXFileReference; lastKnownFileType = sourcecode.swift; path = ViewController.swift; sourceTree = "<group>"; };
		70A481E720E0A65400260571 /* Base */ = {isa = PBXFileReference; lastKnownFileType = file.storyboard; name = Base; path = Base.lproj/Main.storyboard; sourceTree = "<group>"; };
		70A481EA20E0A65400260571 /* Shake_Jack.xcdatamodel */ = {isa = PBXFileReference; lastKnownFileType = wrapper.xcdatamodel; path = Shake_Jack.xcdatamodel; sourceTree = "<group>"; };
		70A481EC20E0A65600260571 /* Assets.xcassets */ = {isa = PBXFileReference; lastKnownFileType = folder.assetcatalog; path = Assets.xcassets; sourceTree = "<group>"; };
		70A481EF20E0A65600260571 /* Base */ = {isa = PBXFileReference; lastKnownFileType = file.storyboard; name = Base; path = Base.lproj/LaunchScreen.storyboard; sourceTree = "<group>"; };
		70A481F120E0A65600260571 /* Info.plist */ = {isa = PBXFileReference; lastKnownFileType = text.plist.xml; path = Info.plist; sourceTree = "<group>"; };
		70A481F620E0A65600260571 /* Shake JackTests.xctest */ = {isa = PBXFileReference; explicitFileType = wrapper.cfbundle; includeInIndex = 0; path = "Shake JackTests.xctest"; sourceTree = BUILT_PRODUCTS_DIR; };
		70A481FA20E0A65600260571 /* Shake_JackTests.swift */ = {isa = PBXFileReference; lastKnownFileType = sourcecode.swift; path = Shake_JackTests.swift; sourceTree = "<group>"; };
		70A481FC20E0A65600260571 /* Info.plist */ = {isa = PBXFileReference; lastKnownFileType = text.plist.xml; path = Info.plist; sourceTree = "<group>"; };
		70A4820120E0A65600260571 /* Shake JackUITests.xctest */ = {isa = PBXFileReference; explicitFileType = wrapper.cfbundle; includeInIndex = 0; path = "Shake JackUITests.xctest"; sourceTree = BUILT_PRODUCTS_DIR; };
		70A4820520E0A65600260571 /* Shake_JackUITests.swift */ = {isa = PBXFileReference; lastKnownFileType = sourcecode.swift; path = Shake_JackUITests.swift; sourceTree = "<group>"; };
		70A4820720E0A65600260571 /* Info.plist */ = {isa = PBXFileReference; lastKnownFileType = text.plist.xml; path = Info.plist; sourceTree = "<group>"; };
/* End PBXFileReference section */

/* Begin PBXFrameworksBuildPhase section */
		70A481DC20E0A65400260571 /* Frameworks */ = {
			isa = PBXFrameworksBuildPhase;
			buildActionMask = 2147483647;
			files = (
			);
			runOnlyForDeploymentPostprocessing = 0;
		};
		70A481F320E0A65600260571 /* Frameworks */ = {
			isa = PBXFrameworksBuildPhase;
			buildActionMask = 2147483647;
			files = (
			);
			runOnlyForDeploymentPostprocessing = 0;
		};
		70A481FE20E0A65600260571 /* Frameworks */ = {
			isa = PBXFrameworksBuildPhase;
			buildActionMask = 2147483647;
			files = (
			);
			runOnlyForDeploymentPostprocessing = 0;
		};
/* End PBXFrameworksBuildPhase section */

/* Begin PBXGroup section */
		70A481D620E0A65400260571 = {
			isa = PBXGroup;
			children = (
				70A481E120E0A65400260571 /* Shake Jack */,
				70A481F920E0A65600260571 /* Shake JackTests */,
				70A4820420E0A65600260571 /* Shake JackUITests */,
				70A481E020E0A65400260571 /* Products */,
			);
			sourceTree = "<group>";
		};
		70A481E020E0A65400260571 /* Products */ = {
			isa = PBXGroup;
			children = (
				70A481DF20E0A65400260571 /* Shake Jack.app */,
				70A481F620E0A65600260571 /* Shake JackTests.xctest */,
				70A4820120E0A65600260571 /* Shake JackUITests.xctest */,
			);
			name = Products;
			sourceTree = "<group>";
		};
		70A481E120E0A65400260571 /* Shake Jack */ = {
			isa = PBXGroup;
			children = (
				70A481E220E0A65400260571 /* AppDelegate.swift */,
				70A481E420E0A65400260571 /* ViewController.swift */,
				70A481E620E0A65400260571 /* Main.storyboard */,
				70A481EC20E0A65600260571 /* Assets.xcassets */,
				70A481EE20E0A65600260571 /* LaunchScreen.storyboard */,
				70A481F120E0A65600260571 /* Info.plist */,
				70A481E920E0A65400260571 /* Shake_Jack.xcdatamodeld */,
			);
			path = "Shake Jack";
			sourceTree = "<group>";
		};
		70A481F920E0A65600260571 /* Shake JackTests */ = {
			isa = PBXGroup;
			children = (
				70A481FA20E0A65600260571 /* Shake_JackTests.swift */,
				70A481FC20E0A65600260571 /* Info.plist */,
			);
			path = "Shake JackTests";
			sourceTree = "<group>";
		};
		70A4820420E0A65600260571 /* Shake JackUITests */ = {
			isa = PBXGroup;
			children = (
				70A4820520E0A65600260571 /* Shake_JackUITests.swift */,
				70A4820720E0A65600260571 /* Info.plist */,
			);
			path = "Shake JackUITests";
			sourceTree = "<group>";
		};
/* End PBXGroup section */

/* Begin PBXNativeTarget section */
		70A481DE20E0A65400260571 /* Shake Jack */ = {
			isa = PBXNativeTarget;
			buildConfigurationList = 70A4820A20E0A65600260571 /* Build configuration list for PBXNativeTarget "Shake Jack" */;
			buildPhases = (
				70A481DB20E0A65400260571 /* Sources */,
				70A481DC20E0A65400260571 /* Frameworks */,
				70A481DD20E0A65400260571 /* Resources */,
			);
			buildRules = (
			);
			dependencies = (
			);
			name = "Shake Jack";
			productName = "Shake Jack";
			productReference = 70A481DF20E0A65400260571 /* Shake Jack.app */;
			productType = "com.apple.product-type.application";
		};
		70A481F520E0A65600260571 /* Shake JackTests */ = {
			isa = PBXNativeTarget;
			buildConfigurationList = 70A4820D20E0A65600260571 /* Build configuration list for PBXNativeTarget "Shake JackTests" */;
			buildPhases = (
				70A481F220E0A65600260571 /* Sources */,
				70A481F320E0A65600260571 /* Frameworks */,
				70A481F420E0A65600260571 /* Resources */,
			);
			buildRules = (
			);
			dependencies = (
				70A481F820E0A65600260571 /* PBXTargetDependency */,
			);
			name = "Shake JackTests";
			productName = "Shake JackTests";
			productReference = 70A481F620E0A65600260571 /* Shake JackTests.xctest */;
			productType = "com.apple.product-type.bundle.unit-test";
		};
		70A4820020E0A65600260571 /* Shake JackUITests */ = {
			isa = PBXNativeTarget;
			buildConfigurationList = 70A4821020E0A65600260571 /* Build configuration list for PBXNativeTarget "Shake JackUITests" */;
			buildPhases = (
				70A481FD20E0A65600260571 /* Sources */,
				70A481FE20E0A65600260571 /* Frameworks */,
				70A481FF20E0A65600260571 /* Resources */,
			);
			buildRules = (
			);
			dependencies = (
				70A4820320E0A65600260571 /* PBXTargetDependency */,
			);
			name = "Shake JackUITests";
			productName = "Shake JackUITests";
			productReference = 70A4820120E0A65600260571 /* Shake JackUITests.xctest */;
			productType = "com.apple.product-type.bundle.ui-testing";
		};
/* End PBXNativeTarget section */

/* Begin PBXProject section */
		70A481D720E0A65400260571 /* Project object */ = {
			isa = PBXProject;
			attributes = {
				LastSwiftUpdateCheck = 0940;
				LastUpgradeCheck = 0940;
				ORGANIZATIONNAME = robmgl;
				TargetAttributes = {
					70A481DE20E0A65400260571 = {
						CreatedOnToolsVersion = 9.4.1;
					};
					70A481F520E0A65600260571 = {
						CreatedOnToolsVersion = 9.4.1;
						TestTargetID = 70A481DE20E0A65400260571;
					};
					70A4820020E0A65600260571 = {
						CreatedOnToolsVersion = 9.4.1;
						TestTargetID = 70A481DE20E0A65400260571;
					};
				};
			};
			buildConfigurationList = 70A481DA20E0A65400260571 /* Build configuration list for PBXProject "Shake Jack" */;
			compatibilityVersion = "Xcode 9.3";
			developmentRegion = en;
			hasScannedForEncodings = 0;
			knownRegions = (
				en,
				Base,
			);
			mainGroup = 70A481D620E0A65400260571;
			productRefGroup = 70A481E020E0A65400260571 /* Products */;
			projectDirPath = "";
			projectRoot = "";
			targets = (
				70A481DE20E0A65400260571 /* Shake Jack */,
				70A481F520E0A65600260571 /* Shake JackTests */,
				70A4820020E0A65600260571 /* Shake JackUITests */,
			);
		};
/* End PBXProject section */

/* Begin PBXResourcesBuildPhase section */
		70A481DD20E0A65400260571 /* Resources */ = {
			isa = PBXResourcesBuildPhase;
			buildActionMask = 2147483647;
			files = (
				70A481F020E0A65600260571 /* LaunchScreen.storyboard in Resources */,
				70A481ED20E0A65600260571 /* Assets.xcassets in Resources */,
				70A481E820E0A65400260571 /* Main.storyboard in Resources */,
			);
			runOnlyForDeploymentPostprocessing = 0;
		};
		70A481F420E0A65600260571 /* Resources */ = {
			isa = PBXResourcesBuildPhase;
			buildActionMask = 2147483647;
			files = (
			);
			runOnlyForDeploymentPostprocessing = 0;
		};
		70A481FF20E0A65600260571 /* Resources */ = {
			isa = PBXResourcesBuildPhase;
			buildActionMask = 2147483647;
			files = (
			);
			runOnlyForDeploymentPostprocessing = 0;
		};
/* End PBXResourcesBuildPhase section */

/* Begin PBXSourcesBuildPhase section */
		70A481DB20E0A65400260571 /* Sources */ = {
			isa = PBXSourcesBuildPhase;
			buildActionMask = 2147483647;
			files = (
				70A481EB20E0A65400260571 /* Shake_Jack.xcdatamodeld in Sources */,
				70A481E520E0A65400260571 /* ViewController.swift in Sources */,
				70A481E320E0A65400260571 /* AppDelegate.swift in Sources */,
			);
			runOnlyForDeploymentPostprocessing = 0;
		};
		70A481F220E0A65600260571 /* Sources */ = {
			isa = PBXSourcesBuildPhase;
			buildActionMask = 2147483647;
			files = (
				70A481FB20E0A65600260571 /* Shake_JackTests.swift in Sources */,
			);
			runOnlyForDeploymentPostprocessing = 0;
		};
		70A481FD20E0A65600260571 /* Sources */ = {
			isa = PBXSourcesBuildPhase;
			buildActionMask = 2147483647;
			files = (
				70A4820620E0A65600260571 /* Shake_JackUITests.swift in Sources */,
			);
			runOnlyForDeploymentPostprocessing = 0;
		};
/* End PBXSourcesBuildPhase section */

/* Begin PBXTargetDependency section */
		70A481F820E0A65600260571 /* PBXTargetDependency */ = {
			isa = PBXTargetDependency;
			target = 70A481DE20E0A65400260571 /* Shake Jack */;
			targetProxy = 70A481F720E0A65600260571 /* PBXContainerItemProxy */;
		};
		70A4820320E0A65600260571 /* PBXTargetDependency */ = {
			isa = PBXTargetDependency;
			target = 70A481DE20E0A65400260571 /* Shake Jack */;
			targetProxy = 70A4820220E0A65600260571 /* PBXContainerItemProxy */;
		};
/* End PBXTargetDependency section */

/* Begin PBXVariantGroup section */
		70A481E620E0A65400260571 /* Main.storyboard */ = {
			isa = PBXVariantGroup;
			children = (
				70A481E720E0A65400260571 /* Base */,
			);
			name = Main.storyboard;
			sourceTree = "<group>";
		};
		70A481EE20E0A65600260571 /* LaunchScreen.storyboard */ = {
			isa = PBXVariantGroup;
			children = (
				70A481EF20E0A65600260571 /* Base */,
			);
			name = LaunchScreen.storyboard;
			sourceTree = "<group>";
		};
/* End PBXVariantGroup section */

/* Begin XCBuildConfiguration section */
		70A4820820E0A65600260571 /* Debug */ = {
			isa = XCBuildConfiguration;
			buildSettings = {
				ALWAYS_SEARCH_USER_PATHS = NO;
				CLANG_ANALYZER_NONNULL = YES;
				CLANG_ANALYZER_NUMBER_OBJECT_CONVERSION = YES_AGGRESSIVE;
				CLANG_CXX_LANGUAGE_STANDARD = "gnu++14";
				CLANG_CXX_LIBRARY = "libc++";
				CLANG_ENABLE_MODULES = YES;
				CLANG_ENABLE_OBJC_ARC = YES;
				CLANG_ENABLE_OBJC_WEAK = YES;
				CLANG_WARN_BLOCK_CAPTURE_AUTORELEASING = YES;
				CLANG_WARN_BOOL_CONVERSION = YES;
				CLANG_WARN_COMMA = YES;
				CLANG_WARN_CONSTANT_CONVERSION = YES;
				CLANG_WARN_DEPRECATED_OBJC_IMPLEMENTATIONS = YES;
				CLANG_WARN_DIRECT_OBJC_ISA_USAGE = YES_ERROR;
				CLANG_WARN_DOCUMENTATION_COMMENTS = YES;
				CLANG_WARN_EMPTY_BODY = YES;
				CLANG_WARN_ENUM_CONVERSION = YES;
				CLANG_WARN_INFINITE_RECURSION = YES;
				CLANG_WARN_INT_CONVERSION = YES;
				CLANG_WARN_NON_LITERAL_NULL_CONVERSION = YES;
				CLANG_WARN_OBJC_IMPLICIT_RETAIN_SELF = YES;
				CLANG_WARN_OBJC_LITERAL_CONVERSION = YES;
				CLANG_WARN_OBJC_ROOT_CLASS = YES_ERROR;
				CLANG_WARN_RANGE_LOOP_ANALYSIS = YES;
				CLANG_WARN_STRICT_PROTOTYPES = YES;
				CLANG_WARN_SUSPICIOUS_MOVE = YES;
				CLANG_WARN_UNGUARDED_AVAILABILITY = YES_AGGRESSIVE;
				CLANG_WARN_UNREACHABLE_CODE = YES;
				CLANG_WARN__DUPLICATE_METHOD_MATCH = YES;
				CODE_SIGN_IDENTITY = "iPhone Developer";
				COPY_PHASE_STRIP = NO;
				DEBUG_INFORMATION_FORMAT = dwarf;
				ENABLE_STRICT_OBJC_MSGSEND = YES;
				ENABLE_TESTABILITY = YES;
				GCC_C_LANGUAGE_STANDARD = gnu11;
				GCC_DYNAMIC_NO_PIC = NO;
				GCC_NO_COMMON_BLOCKS = YES;
				GCC_OPTIMIZATION_LEVEL = 0;
				GCC_PREPROCESSOR_DEFINITIONS = (
					"DEBUG=1",
					"$(inherited)",
				);
				GCC_WARN_64_TO_32_BIT_CONVERSION = YES;
				GCC_WARN_ABOUT_RETURN_TYPE = YES_ERROR;
				GCC_WARN_UNDECLARED_SELECTOR = YES;
				GCC_WARN_UNINITIALIZED_AUTOS = YES_AGGRESSIVE;
				GCC_WARN_UNUSED_FUNCTION = YES;
				GCC_WARN_UNUSED_VARIABLE = YES;
				IPHONEOS_DEPLOYMENT_TARGET = 11.4;
				MTL_ENABLE_DEBUG_INFO = YES;
				ONLY_ACTIVE_ARCH = YES;
				SDKROOT = iphoneos;
				SWIFT_ACTIVE_COMPILATION_CONDITIONS = DEBUG;
				SWIFT_OPTIMIZATION_LEVEL = "-Onone";
			};
			name = Debug;
		};
		70A4820920E0A65600260571 /* Release */ = {
			isa = XCBuildConfiguration;
			buildSettings = {
				ALWAYS_SEARCH_USER_PATHS = NO;
				CLANG_ANALYZER_NONNULL = YES;
				CLANG_ANALYZER_NUMBER_OBJECT_CONVERSION = YES_AGGRESSIVE;
				CLANG_CXX_LANGUAGE_STANDARD = "gnu++14";
				CLANG_CXX_LIBRARY = "libc++";
				CLANG_ENABLE_MODULES = YES;
				CLANG_ENABLE_OBJC_ARC = YES;
				CLANG_ENABLE_OBJC_WEAK = YES;
				CLANG_WARN_BLOCK_CAPTURE_AUTORELEASING = YES;
				CLANG_WARN_BOOL_CONVERSION = YES;
				CLANG_WARN_COMMA = YES;
				CLANG_WARN_CONSTANT_CONVERSION = YES;
				CLANG_WARN_DEPRECATED_OBJC_IMPLEMENTATIONS = YES;
				CLANG_WARN_DIRECT_OBJC_ISA_USAGE = YES_ERROR;
				CLANG_WARN_DOCUMENTATION_COMMENTS = YES;
				CLANG_WARN_EMPTY_BODY = YES;
				CLANG_WARN_ENUM_CONVERSION = YES;
				CLANG_WARN_INFINITE_RECURSION = YES;
				CLANG_WARN_INT_CONVERSION = YES;
				CLANG_WARN_NON_LITERAL_NULL_CONVERSION = YES;
				CLANG_WARN_OBJC_IMPLICIT_RETAIN_SELF = YES;
				CLANG_WARN_OBJC_LITERAL_CONVERSION = YES;
				CLANG_WARN_OBJC_ROOT_CLASS = YES_ERROR;
				CLANG_WARN_RANGE_LOOP_ANALYSIS = YES;
				CLANG_WARN_STRICT_PROTOTYPES = YES;
				CLANG_WARN_SUSPICIOUS_MOVE = YES;
				CLANG_WARN_UNGUARDED_AVAILABILITY = YES_AGGRESSIVE;
				CLANG_WARN_UNREACHABLE_CODE = YES;
				CLANG_WARN__DUPLICATE_METHOD_MATCH = YES;
				CODE_SIGN_IDENTITY = "iPhone Developer";
				COPY_PHASE_STRIP = NO;
				DEBUG_INFORMATION_FORMAT = "dwarf-with-dsym";
				ENABLE_NS_ASSERTIONS = NO;
				ENABLE_STRICT_OBJC_MSGSEND = YES;
				GCC_C_LANGUAGE_STANDARD = gnu11;
				GCC_NO_COMMON_BLOCKS = YES;
				GCC_WARN_64_TO_32_BIT_CONVERSION = YES;
				GCC_WARN_ABOUT_RETURN_TYPE = YES_ERROR;
				GCC_WARN_UNDECLARED_SELECTOR = YES;
				GCC_WARN_UNINITIALIZED_AUTOS = YES_AGGRESSIVE;
				GCC_WARN_UNUSED_FUNCTION = YES;
				GCC_WARN_UNUSED_VARIABLE = YES;
				IPHONEOS_DEPLOYMENT_TARGET = 11.4;
				MTL_ENABLE_DEBUG_INFO = NO;
				SDKROOT = iphoneos;
				SWIFT_COMPILATION_MODE = wholemodule;
				SWIFT_OPTIMIZATION_LEVEL = "-O";
				VALIDATE_PRODUCT = YES;
			};
			name = Release;
		};
		70A4820B20E0A65600260571 /* Debug */ = {
			isa = XCBuildConfiguration;
			buildSettings = {
				ASSETCATALOG_COMPILER_APPICON_NAME = AppIcon;
				CODE_SIGN_STYLE = Automatic;
				DEVELOPMENT_TEAM = T49339QP9C;
				INFOPLIST_FILE = "Shake Jack/Info.plist";
				LD_RUNPATH_SEARCH_PATHS = (
					"$(inherited)",
					"@executable_path/Frameworks",
				);
				PRODUCT_BUNDLE_IDENTIFIER = "com.robmgl.Shake-Jack";
				PRODUCT_NAME = "$(TARGET_NAME)";
				SWIFT_VERSION = 4.0;
				TARGETED_DEVICE_FAMILY = "1,2";
			};
			name = Debug;
		};
		70A4820C20E0A65600260571 /* Release */ = {
			isa = XCBuildConfiguration;
			buildSettings = {
				ASSETCATALOG_COMPILER_APPICON_NAME = AppIcon;
				CODE_SIGN_STYLE = Automatic;
				DEVELOPMENT_TEAM = T49339QP9C;
				INFOPLIST_FILE = "Shake Jack/Info.plist";
				LD_RUNPATH_SEARCH_PATHS = (
					"$(inherited)",
					"@executable_path/Frameworks",
				);
				PRODUCT_BUNDLE_IDENTIFIER = "com.robmgl.Shake-Jack";
				PRODUCT_NAME = "$(TARGET_NAME)";
				SWIFT_VERSION = 4.0;
				TARGETED_DEVICE_FAMILY = "1,2";
			};
			name = Release;
		};
		70A4820E20E0A65600260571 /* Debug */ = {
			isa = XCBuildConfiguration;
			buildSettings = {
				ALWAYS_EMBED_SWIFT_STANDARD_LIBRARIES = YES;
				BUNDLE_LOADER = "$(TEST_HOST)";
				CODE_SIGN_STYLE = Automatic;
				DEVELOPMENT_TEAM = T49339QP9C;
				INFOPLIST_FILE = "Shake JackTests/Info.plist";
				LD_RUNPATH_SEARCH_PATHS = (
					"$(inherited)",
					"@executable_path/Frameworks",
					"@loader_path/Frameworks",
				);
				PRODUCT_BUNDLE_IDENTIFIER = "com.robmgl.Shake-JackTests";
				PRODUCT_NAME = "$(TARGET_NAME)";
				SWIFT_VERSION = 4.0;
				TARGETED_DEVICE_FAMILY = "1,2";
				TEST_HOST = "$(BUILT_PRODUCTS_DIR)/Shake Jack.app/Shake Jack";
			};
			name = Debug;
		};
		70A4820F20E0A65600260571 /* Release */ = {
			isa = XCBuildConfiguration;
			buildSettings = {
				ALWAYS_EMBED_SWIFT_STANDARD_LIBRARIES = YES;
				BUNDLE_LOADER = "$(TEST_HOST)";
				CODE_SIGN_STYLE = Automatic;
				DEVELOPMENT_TEAM = T49339QP9C;
				INFOPLIST_FILE = "Shake JackTests/Info.plist";
				LD_RUNPATH_SEARCH_PATHS = (
					"$(inherited)",
					"@executable_path/Frameworks",
					"@loader_path/Frameworks",
				);
				PRODUCT_BUNDLE_IDENTIFIER = "com.robmgl.Shake-JackTests";
				PRODUCT_NAME = "$(TARGET_NAME)";
				SWIFT_VERSION = 4.0;
				TARGETED_DEVICE_FAMILY = "1,2";
				TEST_HOST = "$(BUILT_PRODUCTS_DIR)/Shake Jack.app/Shake Jack";
			};
			name = Release;
		};
		70A4821120E0A65600260571 /* Debug */ = {
			isa = XCBuildConfiguration;
			buildSettings = {
				ALWAYS_EMBED_SWIFT_STANDARD_LIBRARIES = YES;
				CODE_SIGN_STYLE = Automatic;
				DEVELOPMENT_TEAM = T49339QP9C;
				INFOPLIST_FILE = "Shake JackUITests/Info.plist";
				LD_RUNPATH_SEARCH_PATHS = (
					"$(inherited)",
					"@executable_path/Frameworks",
					"@loader_path/Frameworks",
				);
				PRODUCT_BUNDLE_IDENTIFIER = "com.robmgl.Shake-JackUITests";
				PRODUCT_NAME = "$(TARGET_NAME)";
				SWIFT_VERSION = 4.0;
				TARGETED_DEVICE_FAMILY = "1,2";
				TEST_TARGET_NAME = "Shake Jack";
			};
			name = Debug;
		};
		70A4821220E0A65600260571 /* Release */ = {
			isa = XCBuildConfiguration;
			buildSettings = {
				ALWAYS_EMBED_SWIFT_STANDARD_LIBRARIES = YES;
				CODE_SIGN_STYLE = Automatic;
				DEVELOPMENT_TEAM = T49339QP9C;
				INFOPLIST_FILE = "Shake JackUITests/Info.plist";
				LD_RUNPATH_SEARCH_PATHS = (
					"$(inherited)",
					"@executable_path/Frameworks",
					"@loader_path/Frameworks",
				);
				PRODUCT_BUNDLE_IDENTIFIER = "com.robmgl.Shake-JackUITests";
				PRODUCT_NAME = "$(TARGET_NAME)";
				SWIFT_VERSION = 4.0;
				TARGETED_DEVICE_FAMILY = "1,2";
				TEST_TARGET_NAME = "Shake Jack";
			};
			name = Release;
		};
/* End XCBuildConfiguration section */

/* Begin XCConfigurationList section */
		70A481DA20E0A65400260571 /* Build configuration list for PBXProject "Shake Jack" */ = {
			isa = XCConfigurationList;
			buildConfigurations = (
				70A4820820E0A65600260571 /* Debug */,
				70A4820920E0A65600260571 /* Release */,
			);
			defaultConfigurationIsVisible = 0;
			defaultConfigurationName = Release;
		};
		70A4820A20E0A65600260571 /* Build configuration list for PBXNativeTarget "Shake Jack" */ = {
			isa = XCConfigurationList;
			buildConfigurations = (
				70A4820B20E0A65600260571 /* Debug */,
				70A4820C20E0A65600260571 /* Release */,
			);
			defaultConfigurationIsVisible = 0;
			defaultConfigurationName = Release;
		};
		70A4820D20E0A65600260571 /* Build configuration list for PBXNativeTarget "Shake JackTests" */ = {
			isa = XCConfigurationList;
			buildConfigurations = (
				70A4820E20E0A65600260571 /* Debug */,
				70A4820F20E0A65600260571 /* Release */,
			);
			defaultConfigurationIsVisible = 0;
			defaultConfigurationName = Release;
		};
		70A4821020E0A65600260571 /* Build configuration list for PBXNativeTarget "Shake JackUITests" */ = {
			isa = XCConfigurationList;
			buildConfigurations = (
				70A4821120E0A65600260571 /* Debug */,
				70A4821220E0A65600260571 /* Release */,
			);
			defaultConfigurationIsVisible = 0;
			defaultConfigurationName = Release;
		};
/* End XCConfigurationList section */

/* Begin XCVersionGroup section */
		70A481E920E0A65400260571 /* Shake_Jack.xcdatamodeld */ = {
			isa = XCVersionGroup;
			children = (
				70A481EA20E0A65400260571 /* Shake_Jack.xcdatamodel */,
			);
			currentVersion = 70A481EA20E0A65400260571 /* Shake_Jack.xcdatamodel */;
			path = Shake_Jack.xcdatamodeld;
			sourceTree = "<group>";
			versionGroupType = wrapper.xcdatamodel;
		};
/* End XCVersionGroup section */
	};
	rootObject = 70A481D720E0A65400260571 /* Project object */;
}
